
Microsoft Visual Studio Solution File, Format Version 12.00
# Visual Studio Version 17
VisualStudioVersion = 17.4.33110.190
MinimumVisualStudioVersion = 10.0.40219.1
Project("{FAE04EC0-301F-11D3-BF4B-00C04F79EFBC}") = "Net2SignalRClientConsole", "Net2SignalRClientConsole\Net2SignalRClientConsole.csproj", "{108F9555-73C0-4ED1-ADA6-695AEACAECCF}"
EndProject
Global
	GlobalSection(SolutionConfigurationPlatforms) = preSolution
		Debug|Any CPU = Debug|Any CPU
		Release|Any CPU = Release|Any CPU
	EndGlobalSection
	GlobalSection(ProjectConfigurationPlatforms) = postSolution
		{108F9555-73C0-4ED1-ADA6-695AEACAECCF}.Debug|Any CPU.ActiveCfg = Debug|Any CPU
		{108F9555-73C0-4ED1-ADA6-695AEACAECCF}.Debug|Any CPU.Build.0 = Debug|Any CPU
		{108F9555-73C0-4ED1-ADA6-695AEACAECCF}.Release|Any CPU.ActiveCfg = Release|Any CPU
		{108F9555-73C0-4ED1-ADA6-695AEACAECCF}.Release|Any CPU.Build.0 = Release|Any CPU
	EndGlobalSection
	GlobalSection(SolutionProperties) = preSolution
		HideSolutionNode = FALSE
	EndGlobalSection
	GlobalSection(ExtensibilityGlobals) = postSolution
		SolutionGuid = {97A8A6BC-0FAB-4588-BC4F-E7E4FBB1987C}
	EndGlobalSection
EndGlobal
